// !$*UTF8*$!
{
	archiveVersion = 1;
	classes = {
	};
	objectVersion = 55;
	objects = {

/* Begin PBXBuildFile section */
		3B1707A12757224700FC8350 /* DBSwitchView.swift in Sources */ = {isa = PBXBuildFile; fileRef = 3B1707A02757224700FC8350 /* DBSwitchView.swift */; };
		3B1707A327572B4100FC8350 /* TagEditorView.swift in Sources */ = {isa = PBXBuildFile; fileRef = 3B1707A227572B4100FC8350 /* TagEditorView.swift */; };
		3B1707A52757318E00FC8350 /* TagListView.swift in Sources */ = {isa = PBXBuildFile; fileRef = 3B1707A42757318E00FC8350 /* TagListView.swift */; };
		3B1707A92757478500FC8350 /* UserManagementView.swift in Sources */ = {isa = PBXBuildFile; fileRef = 3B1707A82757478500FC8350 /* UserManagementView.swift */; };
		3B1707AB275747BE00FC8350 /* AccountController.swift in Sources */ = {isa = PBXBuildFile; fileRef = 3B1707AA275747BE00FC8350 /* AccountController.swift */; };
		3B1707AD27574A9500FC8350 /* UserEditorView.swift in Sources */ = {isa = PBXBuildFile; fileRef = 3B1707AC27574A9500FC8350 /* UserEditorView.swift */; };
		3B1707AF2757517000FC8350 /* RootNavigationView.swift in Sources */ = {isa = PBXBuildFile; fileRef = 3B1707AE2757517000FC8350 /* RootNavigationView.swift */; };
		3B1707B2275755CE00FC8350 /* CloudKit.framework in Frameworks */ = {isa = PBXBuildFile; fileRef = 3B1707B1275755CE00FC8350 /* CloudKit.framework */; };
		3B1707B72757D89000FC8350 /* BillItemShoppingFloatingView.swift in Sources */ = {isa = PBXBuildFile; fileRef = 3B1707B62757D89000FC8350 /* BillItemShoppingFloatingView.swift */; };
		3B1707B927582D4400FC8350 /* TagSearchView.swift in Sources */ = {isa = PBXBuildFile; fileRef = 3B1707B827582D4400FC8350 /* TagSearchView.swift */; };
		3B202FFD273ED52D0016B537 /* CurrencyController.swift in Sources */ = {isa = PBXBuildFile; fileRef = 3B202FFC273ED52D0016B537 /* CurrencyController.swift */; };
		3B203000273ED5DD0016B537 /* ModelController.swift in Sources */ = {isa = PBXBuildFile; fileRef = 3B202FFF273ED5DD0016B537 /* ModelController.swift */; };
		3B203002273ED6000016B537 /* DecimalExtension.swift in Sources */ = {isa = PBXBuildFile; fileRef = 3B203001273ED6000016B537 /* DecimalExtension.swift */; };
		3B203006273EDB200016B537 /* CurrencyManagementView.swift in Sources */ = {isa = PBXBuildFile; fileRef = 3B203005273EDB200016B537 /* CurrencyManagementView.swift */; };
		3B20300C273EEFB90016B537 /* PresentationExtensions.swift in Sources */ = {isa = PBXBuildFile; fileRef = 3B20300B273EEFB90016B537 /* PresentationExtensions.swift */; };
		3B20300F273F0E330016B537 /* NavigationBackButton.swift in Sources */ = {isa = PBXBuildFile; fileRef = 3B20300E273F0E330016B537 /* NavigationBackButton.swift */; };
		3B203011273F0FD60016B537 /* ContentWrapperView.swift in Sources */ = {isa = PBXBuildFile; fileRef = 3B203010273F0FD60016B537 /* ContentWrapperView.swift */; };
		3B203014273F29690016B537 /* CurrencyEditorView.swift in Sources */ = {isa = PBXBuildFile; fileRef = 3B203013273F29690016B537 /* CurrencyEditorView.swift */; };
		3B203016273F2A540016B537 /* IdentifiableExtensions.swift in Sources */ = {isa = PBXBuildFile; fileRef = 3B203015273F2A540016B537 /* IdentifiableExtensions.swift */; };
		3B203018273F556A0016B537 /* TrimmingExtensions.swift in Sources */ = {isa = PBXBuildFile; fileRef = 3B203017273F556A0016B537 /* TrimmingExtensions.swift */; };
		3B20301B273F65DB0016B537 /* TagManagementView.swift in Sources */ = {isa = PBXBuildFile; fileRef = 3B20301A273F65DB0016B537 /* TagManagementView.swift */; };
		3B20ED35274373C300B96DB6 /* TagController.swift in Sources */ = {isa = PBXBuildFile; fileRef = 3B20ED34274373C300B96DB6 /* TagController.swift */; };
		3B20ED3C274384E700B96DB6 /* HideKeyboardExtension.swift in Sources */ = {isa = PBXBuildFile; fileRef = 3B20ED3B274384E700B96DB6 /* HideKeyboardExtension.swift */; };
		3B20ED4227442C4800B96DB6 /* PaymentMethodManagementView.swift in Sources */ = {isa = PBXBuildFile; fileRef = 3B20ED4127442C4800B96DB6 /* PaymentMethodManagementView.swift */; };
		3B20ED4427442D7B00B96DB6 /* PaymentMethodController.swift in Sources */ = {isa = PBXBuildFile; fileRef = 3B20ED4327442D7B00B96DB6 /* PaymentMethodController.swift */; };
		3B3383D727B57C19001B2CBE /* AppData.swift in Sources */ = {isa = PBXBuildFile; fileRef = 3B3383D627B57C19001B2CBE /* AppData.swift */; };
		3B4FBB0F274EF00800EA538A /* SortingExtension.swift in Sources */ = {isa = PBXBuildFile; fileRef = 3B4FBB0E274EF00800EA538A /* SortingExtension.swift */; };
		3B4FBB11274EF84000EA538A /* BillLandingView.swift in Sources */ = {isa = PBXBuildFile; fileRef = 3B4FBB10274EF84000EA538A /* BillLandingView.swift */; };
		3B4FBB1327500AB500EA538A /* BillTransactionView.swift in Sources */ = {isa = PBXBuildFile; fileRef = 3B4FBB1227500AB500EA538A /* BillTransactionView.swift */; };
		3B4FBB17275016C000EA538A /* BillItemShoppingView.swift in Sources */ = {isa = PBXBuildFile; fileRef = 3B4FBB16275016C000EA538A /* BillItemShoppingView.swift */; };
		3B4FBB1927502AE800EA538A /* LabelledDivider.swift in Sources */ = {isa = PBXBuildFile; fileRef = 3B4FBB1827502AE800EA538A /* LabelledDivider.swift */; };
		3B4FBB1C2750424400EA538A /* TransactionView.swift in Sources */ = {isa = PBXBuildFile; fileRef = 3B4FBB1B2750424400EA538A /* TransactionView.swift */; };
		3B4FBB1E2750776000EA538A /* CurrencyPickerView.swift in Sources */ = {isa = PBXBuildFile; fileRef = 3B4FBB1D2750776000EA538A /* CurrencyPickerView.swift */; };
		3B4FBB2027507A9C00EA538A /* PaymentMethodPickerView.swift in Sources */ = {isa = PBXBuildFile; fileRef = 3B4FBB1F27507A9C00EA538A /* PaymentMethodPickerView.swift */; };
		3B4FBB2227508C4A00EA538A /* TransactionController.swift in Sources */ = {isa = PBXBuildFile; fileRef = 3B4FBB2127508C4A00EA538A /* TransactionController.swift */; };
		3B4FBB2427508FD800EA538A /* RatedPayableListView.swift in Sources */ = {isa = PBXBuildFile; fileRef = 3B4FBB2327508FD800EA538A /* RatedPayableListView.swift */; };
		3B4FBB262750933400EA538A /* PayableViewCell.swift in Sources */ = {isa = PBXBuildFile; fileRef = 3B4FBB252750933400EA538A /* PayableViewCell.swift */; };
		3B4FBB28275098D900EA538A /* BillItemViewCell.swift in Sources */ = {isa = PBXBuildFile; fileRef = 3B4FBB27275098D900EA538A /* BillItemViewCell.swift */; };
		3B4FBB2A2750ACD900EA538A /* RatedPayableViewCell.swift in Sources */ = {isa = PBXBuildFile; fileRef = 3B4FBB292750ACD900EA538A /* RatedPayableViewCell.swift */; };
		3B4FBB2C2750BB5F00EA538A /* SubmitButtonView.swift in Sources */ = {isa = PBXBuildFile; fileRef = 3B4FBB2B2750BB5F00EA538A /* SubmitButtonView.swift */; };
		3B596BA627726BF400A6694E /* BillViewV2.swift in Sources */ = {isa = PBXBuildFile; fileRef = 3B596BA527726BF400A6694E /* BillViewV2.swift */; };
		3B596BA82772750200A6694E /* BillWidget.swift in Sources */ = {isa = PBXBuildFile; fileRef = 3B596BA72772750200A6694E /* BillWidget.swift */; };
		3B596BAA27759AFE00A6694E /* BillItemViewCellV2.swift in Sources */ = {isa = PBXBuildFile; fileRef = 3B596BA927759AFE00A6694E /* BillItemViewCellV2.swift */; };
		3B596BAC2775A23800A6694E /* RoomLegacyNavigationView.swift in Sources */ = {isa = PBXBuildFile; fileRef = 3B596BAB2775A23800A6694E /* RoomLegacyNavigationView.swift */; };
		3B596BAE2775A4AC00A6694E /* BillLandingViewV2.swift in Sources */ = {isa = PBXBuildFile; fileRef = 3B596BAD2775A4AC00A6694E /* BillLandingViewV2.swift */; };
		3B596BB02775B12800A6694E /* BillDataV2Extension.swift in Sources */ = {isa = PBXBuildFile; fileRef = 3B596BAF2775B12800A6694E /* BillDataV2Extension.swift */; };
		3B596BB72776DADB00A6694E /* ReportView.swift in Sources */ = {isa = PBXBuildFile; fileRef = 3B596BB62776DADB00A6694E /* ReportView.swift */; };
		3B596BBF2776EFF300A6694E /* MFBBackground.swift in Sources */ = {isa = PBXBuildFile; fileRef = 3B596BBE2776EFF300A6694E /* MFBBackground.swift */; };
		3B787A762777CF1500E1383D /* BillReportPrintingController.swift in Sources */ = {isa = PBXBuildFile; fileRef = 3B787A752777CF1500E1383D /* BillReportPrintingController.swift */; };
		3B787A7B2777D25C00E1383D /* BillSubBillPrinter.swift in Sources */ = {isa = PBXBuildFile; fileRef = 3B787A7A2777D25C00E1383D /* BillSubBillPrinter.swift */; };
		3B787A7D2777D6B300E1383D /* BillTransactionPrinter.swift in Sources */ = {isa = PBXBuildFile; fileRef = 3B787A7C2777D6B300E1383D /* BillTransactionPrinter.swift */; };
		3B787A7F2778296A00E1383D /* BillHeadlinePrinter.swift in Sources */ = {isa = PBXBuildFile; fileRef = 3B787A7E2778296A00E1383D /* BillHeadlinePrinter.swift */; };
		3B787A832778D7E300E1383D /* ReportController.swift in Sources */ = {isa = PBXBuildFile; fileRef = 3B787A822778D7E300E1383D /* ReportController.swift */; };
		3B787A852778DB0B00E1383D /* PayableRatedPayableSelectionController.swift in Sources */ = {isa = PBXBuildFile; fileRef = 3B787A842778DB0B00E1383D /* PayableRatedPayableSelectionController.swift */; };
		3B787A8727791B4700E1383D /* FormalBillReportView.swift in Sources */ = {isa = PBXBuildFile; fileRef = 3B787A8627791B4700E1383D /* FormalBillReportView.swift */; };
		3B787A8927791B6900E1383D /* IndividualBillReportView.swift in Sources */ = {isa = PBXBuildFile; fileRef = 3B787A8827791B6900E1383D /* IndividualBillReportView.swift */; };
		3B787A8B27791BA100E1383D /* BillReportListView.swift in Sources */ = {isa = PBXBuildFile; fileRef = 3B787A8A27791BA100E1383D /* BillReportListView.swift */; };
		3B787A8D2779437200E1383D /* TESEReportView.swift in Sources */ = {isa = PBXBuildFile; fileRef = 3B787A8C2779437200E1383D /* TESEReportView.swift */; };
		3B787A8F277C20C600E1383D /* BillItemShoppingViewV2.swift in Sources */ = {isa = PBXBuildFile; fileRef = 3B787A8E277C20C600E1383D /* BillItemShoppingViewV2.swift */; };
		3B787A92277D222000E1383D /* WelcomeViewDefault.swift in Sources */ = {isa = PBXBuildFile; fileRef = 3B787A91277D222000E1383D /* WelcomeViewDefault.swift */; };
		3B787A94277D234900E1383D /* WelcomeView.swift in Sources */ = {isa = PBXBuildFile; fileRef = 3B787A93277D234900E1383D /* WelcomeView.swift */; };
		3B787A96277E0C9C00E1383D /* OneClickTransactionView.swift in Sources */ = {isa = PBXBuildFile; fileRef = 3B787A95277E0C9C00E1383D /* OneClickTransactionView.swift */; };
		3B8FA0E82744A46B00D7D4AD /* PaymentMethodEditorView.swift in Sources */ = {isa = PBXBuildFile; fileRef = 3B8FA0E72744A46B00D7D4AD /* PaymentMethodEditorView.swift */; };
		3B8FA0EA2744AEFF00D7D4AD /* NavigationButton.swift in Sources */ = {isa = PBXBuildFile; fileRef = 3B8FA0E92744AEFF00D7D4AD /* NavigationButton.swift */; };
		3B8FA0EC2744BABD00D7D4AD /* WelcomeViewChristmas.swift in Sources */ = {isa = PBXBuildFile; fileRef = 3B8FA0EB2744BABD00D7D4AD /* WelcomeViewChristmas.swift */; };
		3B8FA0F02744C1B900D7D4AD /* RoomManagementView.swift in Sources */ = {isa = PBXBuildFile; fileRef = 3B8FA0EF2744C1B900D7D4AD /* RoomManagementView.swift */; };
		3B8FA0F22744C1F100D7D4AD /* RoomEditorView.swift in Sources */ = {isa = PBXBuildFile; fileRef = 3B8FA0F12744C1F100D7D4AD /* RoomEditorView.swift */; };
		3B8FA0F62745800700D7D4AD /* PayableController.swift in Sources */ = {isa = PBXBuildFile; fileRef = 3B8FA0F52745800700D7D4AD /* PayableController.swift */; };
		3B8FA0F827458C6900D7D4AD /* PayableEditorView.swift in Sources */ = {isa = PBXBuildFile; fileRef = 3B8FA0F727458C6900D7D4AD /* PayableEditorView.swift */; };
		3B8FA0FC2745A18D00D7D4AD /* PayableManagementView.swift in Sources */ = {isa = PBXBuildFile; fileRef = 3B8FA0FB2745A18D00D7D4AD /* PayableManagementView.swift */; };
		3B8FA0FE2745B11F00D7D4AD /* MajorCurrencyWidzardView.swift in Sources */ = {isa = PBXBuildFile; fileRef = 3B8FA0FD2745B11F00D7D4AD /* MajorCurrencyWidzardView.swift */; };
		3B8FA1012745F15C00D7D4AD /* RatedPayableController.swift in Sources */ = {isa = PBXBuildFile; fileRef = 3B8FA1002745F15C00D7D4AD /* RatedPayableController.swift */; };
		3B8FA103274606B100D7D4AD /* RatedPayableEditorView.swift in Sources */ = {isa = PBXBuildFile; fileRef = 3B8FA102274606B100D7D4AD /* RatedPayableEditorView.swift */; };
		3B8FA1052746252700D7D4AD /* RatedPayableManagementView.swift in Sources */ = {isa = PBXBuildFile; fileRef = 3B8FA1042746252700D7D4AD /* RatedPayableManagementView.swift */; };
		3B9C492527CC42E0008EEB30 /* BillCompleteView.swift in Sources */ = {isa = PBXBuildFile; fileRef = 3B9C492427CC42E0008EEB30 /* BillCompleteView.swift */; };
		3B9C492927CC4445008EEB30 /* BillCompleteViewDefault.swift in Sources */ = {isa = PBXBuildFile; fileRef = 3B9C492827CC4445008EEB30 /* BillCompleteViewDefault.swift */; };
		3B9C492B27CC44CB008EEB30 /* BillCompleteViewStella.swift in Sources */ = {isa = PBXBuildFile; fileRef = 3B9C492A27CC44CB008EEB30 /* BillCompleteViewStella.swift */; };
		3BADA68C2742CF71000B1D33 /* TransactionAmountTextField.swift in Sources */ = {isa = PBXBuildFile; fileRef = 3BADA68B2742CF71000B1D33 /* TransactionAmountTextField.swift */; };
		3BADA68E2742F095000B1D33 /* DecimalField.swift in Sources */ = {isa = PBXBuildFile; fileRef = 3BADA68D2742F095000B1D33 /* DecimalField.swift */; };
		3BC78F8827514D4700F5844F /* BillSplitByAmountWizardView.swift in Sources */ = {isa = PBXBuildFile; fileRef = 3BC78F8727514D4700F5844F /* BillSplitByAmountWizardView.swift */; };
		3BC78F8B27514D6700F5844F /* BillSplitByAmountView.swift in Sources */ = {isa = PBXBuildFile; fileRef = 3BC78F8A27514D6700F5844F /* BillSplitByAmountView.swift */; };
		3BC78F8D27520CCC00F5844F /* BillDataSBAExtension.swift in Sources */ = {isa = PBXBuildFile; fileRef = 3BC78F8C27520CCC00F5844F /* BillDataSBAExtension.swift */; };
		3BC78F8F2752BC9D00F5844F /* StateExtension.swift in Sources */ = {isa = PBXBuildFile; fileRef = 3BC78F8E2752BC9D00F5844F /* StateExtension.swift */; };
		3BC78F922752DBD500F5844F /* BillDataOBRExtension.swift in Sources */ = {isa = PBXBuildFile; fileRef = 3BC78F912752DBD500F5844F /* BillDataOBRExtension.swift */; };
		3BC78F9A2754118500F5844F /* BillSplitByProductView.swift in Sources */ = {isa = PBXBuildFile; fileRef = 3BC78F992754118500F5844F /* BillSplitByProductView.swift */; };
		3BC78F9E2754553900F5844F /* BillDataSBPExtension.swift in Sources */ = {isa = PBXBuildFile; fileRef = 3BC78F9D2754553900F5844F /* BillDataSBPExtension.swift */; };
		3BC78FA4275560B900F5844F /* RoundedButton.swift in Sources */ = {isa = PBXBuildFile; fileRef = 3BC78FA3275560B900F5844F /* RoundedButton.swift */; };
		3BC78FA82755798100F5844F /* SBPCartFloatingView.swift in Sources */ = {isa = PBXBuildFile; fileRef = 3BC78FA72755798100F5844F /* SBPCartFloatingView.swift */; };
		3BC78FAA2755AD9100F5844F /* BillListViewCell.swift in Sources */ = {isa = PBXBuildFile; fileRef = 3BC78FA92755AD9100F5844F /* BillListViewCell.swift */; };
		3BC78FAC2755B37700F5844F /* BillExtension.swift in Sources */ = {isa = PBXBuildFile; fileRef = 3BC78FAB2755B37600F5844F /* BillExtension.swift */; };
		3BC78FD52756A6C800F5844F /* HistoryBillPreview.swift in Sources */ = {isa = PBXBuildFile; fileRef = 3BC78FD42756A6C800F5844F /* HistoryBillPreview.swift */; };
		3BC78FD72756B14B00F5844F /* PaymentViewCell.swift in Sources */ = {isa = PBXBuildFile; fileRef = 3BC78FD62756B14B00F5844F /* PaymentViewCell.swift */; };
		3BC78FD92756B76900F5844F /* TransactionListViewCell.swift in Sources */ = {isa = PBXBuildFile; fileRef = 3BC78FD82756B76900F5844F /* TransactionListViewCell.swift */; };
		3BC78FDB2756BB0300F5844F /* HistoryBillListView.swift in Sources */ = {isa = PBXBuildFile; fileRef = 3BC78FDA2756BB0300F5844F /* HistoryBillListView.swift */; };
		3BC78FDD2756C0DE00F5844F /* BillNavigationView.swift in Sources */ = {isa = PBXBuildFile; fileRef = 3BC78FDC2756C0DE00F5844F /* BillNavigationView.swift */; };
		3BC78FDF2756CEAF00F5844F /* SBAFloatingActionView.swift in Sources */ = {isa = PBXBuildFile; fileRef = 3BC78FDE2756CEAF00F5844F /* SBAFloatingActionView.swift */; };
		3BC78FE227570C0D00F5844F /* DatabaseMonitor.swift in Sources */ = {isa = PBXBuildFile; fileRef = 3BC78FE127570C0D00F5844F /* DatabaseMonitor.swift */; };
		3BD581822746A36D00089113 /* SearchBar.swift in Sources */ = {isa = PBXBuildFile; fileRef = 3BD581812746A36D00089113 /* SearchBar.swift */; };
		3BD581842746BC2E00089113 /* PayableListView.swift in Sources */ = {isa = PBXBuildFile; fileRef = 3BD581832746BC2E00089113 /* PayableListView.swift */; };
		3BD581882746EAB200089113 /* BillSetupView.swift in Sources */ = {isa = PBXBuildFile; fileRef = 3BD581872746EAB200089113 /* BillSetupView.swift */; };
		3BD5818C2749E1EC00089113 /* BillView.swift in Sources */ = {isa = PBXBuildFile; fileRef = 3BD5818B2749E1EC00089113 /* BillView.swift */; };
		3BD5818E2749E28700089113 /* RoomNavigationView.swift in Sources */ = {isa = PBXBuildFile; fileRef = 3BD5818D2749E28700089113 /* RoomNavigationView.swift */; };
		3BD581AA274C56C600089113 /* BillController.swift in Sources */ = {isa = PBXBuildFile; fileRef = 3BD581A9274C56C600089113 /* BillController.swift */; };
		3BD581AC274C581100089113 /* BillData.swift in Sources */ = {isa = PBXBuildFile; fileRef = 3BD581AB274C581100089113 /* BillData.swift */; };
		3BD581AE274D769D00089113 /* BillListVIew.swift in Sources */ = {isa = PBXBuildFile; fileRef = 3BD581AD274D769C00089113 /* BillListVIew.swift */; };
		3BEEE302273C53810056AF54 /* ProjectMFBRemasteredApp.swift in Sources */ = {isa = PBXBuildFile; fileRef = 3BEEE301273C53810056AF54 /* ProjectMFBRemasteredApp.swift */; };
		3BEEE306273C53840056AF54 /* Assets.xcassets in Resources */ = {isa = PBXBuildFile; fileRef = 3BEEE305273C53840056AF54 /* Assets.xcassets */; };
		3BEEE309273C53840056AF54 /* Preview Assets.xcassets in Resources */ = {isa = PBXBuildFile; fileRef = 3BEEE308273C53840056AF54 /* Preview Assets.xcassets */; };
		3BEEE30B273C53840056AF54 /* Persistence.swift in Sources */ = {isa = PBXBuildFile; fileRef = 3BEEE30A273C53840056AF54 /* Persistence.swift */; };
		3BEEE30E273C53840056AF54 /* ProjectMFBRemastered.xcdatamodeld in Sources */ = {isa = PBXBuildFile; fileRef = 3BEEE30C273C53840056AF54 /* ProjectMFBRemastered.xcdatamodeld */; };
		3BEEE316273C560F0056AF54 /* LandingView.swift in Sources */ = {isa = PBXBuildFile; fileRef = 3BEEE315273C560F0056AF54 /* LandingView.swift */; };
		3BEEE319273C57080056AF54 /* RegisterationView.swift in Sources */ = {isa = PBXBuildFile; fileRef = 3BEEE318273C57080056AF54 /* RegisterationView.swift */; };
		3BEEE31C273C57D40056AF54 /* SetupWizardView.swift in Sources */ = {isa = PBXBuildFile; fileRef = 3BEEE31B273C57D40056AF54 /* SetupWizardView.swift */; };
		3BEEE31E273C581B0056AF54 /* LoginView.swift in Sources */ = {isa = PBXBuildFile; fileRef = 3BEEE31D273C581B0056AF54 /* LoginView.swift */; };
		3BEEE321273C58440056AF54 /* MainView.swift in Sources */ = {isa = PBXBuildFile; fileRef = 3BEEE320273C58440056AF54 /* MainView.swift */; };
		3BEEE324273C5A000056AF54 /* EncryptExtension.swift in Sources */ = {isa = PBXBuildFile; fileRef = 3BEEE323273C5A000056AF54 /* EncryptExtension.swift */; };
/* End PBXBuildFile section */

/* Begin PBXFileReference section */
		3B1707A02757224700FC8350 /* DBSwitchView.swift */ = {isa = PBXFileReference; lastKnownFileType = sourcecode.swift; path = DBSwitchView.swift; sourceTree = "<group>"; };
		3B1707A227572B4100FC8350 /* TagEditorView.swift */ = {isa = PBXFileReference; lastKnownFileType = sourcecode.swift; path = TagEditorView.swift; sourceTree = "<group>"; };
		3B1707A42757318E00FC8350 /* TagListView.swift */ = {isa = PBXFileReference; lastKnownFileType = sourcecode.swift; path = TagListView.swift; sourceTree = "<group>"; };
		3B1707A82757478500FC8350 /* UserManagementView.swift */ = {isa = PBXFileReference; lastKnownFileType = sourcecode.swift; path = UserManagementView.swift; sourceTree = "<group>"; };
		3B1707AA275747BE00FC8350 /* AccountController.swift */ = {isa = PBXFileReference; lastKnownFileType = sourcecode.swift; path = AccountController.swift; sourceTree = "<group>"; };
		3B1707AC27574A9500FC8350 /* UserEditorView.swift */ = {isa = PBXFileReference; lastKnownFileType = sourcecode.swift; path = UserEditorView.swift; sourceTree = "<group>"; };
		3B1707AE2757517000FC8350 /* RootNavigationView.swift */ = {isa = PBXFileReference; lastKnownFileType = sourcecode.swift; path = RootNavigationView.swift; sourceTree = "<group>"; };
		3B1707B1275755CE00FC8350 /* CloudKit.framework */ = {isa = PBXFileReference; lastKnownFileType = wrapper.framework; name = CloudKit.framework; path = System/Library/Frameworks/CloudKit.framework; sourceTree = SDKROOT; };
		3B1707B62757D89000FC8350 /* BillItemShoppingFloatingView.swift */ = {isa = PBXFileReference; lastKnownFileType = sourcecode.swift; path = BillItemShoppingFloatingView.swift; sourceTree = "<group>"; };
		3B1707B827582D4400FC8350 /* TagSearchView.swift */ = {isa = PBXFileReference; lastKnownFileType = sourcecode.swift; path = TagSearchView.swift; sourceTree = "<group>"; };
		3B202FFC273ED52D0016B537 /* CurrencyController.swift */ = {isa = PBXFileReference; lastKnownFileType = sourcecode.swift; path = CurrencyController.swift; sourceTree = "<group>"; };
		3B202FFF273ED5DD0016B537 /* ModelController.swift */ = {isa = PBXFileReference; lastKnownFileType = sourcecode.swift; path = ModelController.swift; sourceTree = "<group>"; };
		3B203001273ED6000016B537 /* DecimalExtension.swift */ = {isa = PBXFileReference; lastKnownFileType = sourcecode.swift; path = DecimalExtension.swift; sourceTree = "<group>"; };
		3B203005273EDB200016B537 /* CurrencyManagementView.swift */ = {isa = PBXFileReference; lastKnownFileType = sourcecode.swift; path = CurrencyManagementView.swift; sourceTree = "<group>"; };
		3B20300B273EEFB90016B537 /* PresentationExtensions.swift */ = {isa = PBXFileReference; lastKnownFileType = sourcecode.swift; path = PresentationExtensions.swift; sourceTree = "<group>"; };
		3B20300E273F0E330016B537 /* NavigationBackButton.swift */ = {isa = PBXFileReference; lastKnownFileType = sourcecode.swift; path = NavigationBackButton.swift; sourceTree = "<group>"; };
		3B203010273F0FD60016B537 /* ContentWrapperView.swift */ = {isa = PBXFileReference; lastKnownFileType = sourcecode.swift; path = ContentWrapperView.swift; sourceTree = "<group>"; };
		3B203012273F14940016B537 /* ProjectMFBRemastered.entitlements */ = {isa = PBXFileReference; lastKnownFileType = text.plist.entitlements; path = ProjectMFBRemastered.entitlements; sourceTree = "<group>"; };
		3B203013273F29690016B537 /* CurrencyEditorView.swift */ = {isa = PBXFileReference; lastKnownFileType = sourcecode.swift; path = CurrencyEditorView.swift; sourceTree = "<group>"; };
		3B203015273F2A540016B537 /* IdentifiableExtensions.swift */ = {isa = PBXFileReference; lastKnownFileType = sourcecode.swift; path = IdentifiableExtensions.swift; sourceTree = "<group>"; };
		3B203017273F556A0016B537 /* TrimmingExtensions.swift */ = {isa = PBXFileReference; lastKnownFileType = sourcecode.swift; path = TrimmingExtensions.swift; sourceTree = "<group>"; };
		3B20301A273F65DB0016B537 /* TagManagementView.swift */ = {isa = PBXFileReference; lastKnownFileType = sourcecode.swift; path = TagManagementView.swift; sourceTree = "<group>"; };
		3B20ED34274373C300B96DB6 /* TagController.swift */ = {isa = PBXFileReference; lastKnownFileType = sourcecode.swift; path = TagController.swift; sourceTree = "<group>"; };
		3B20ED3B274384E700B96DB6 /* HideKeyboardExtension.swift */ = {isa = PBXFileReference; lastKnownFileType = sourcecode.swift; path = HideKeyboardExtension.swift; sourceTree = "<group>"; };
		3B20ED4127442C4800B96DB6 /* PaymentMethodManagementView.swift */ = {isa = PBXFileReference; lastKnownFileType = sourcecode.swift; path = PaymentMethodManagementView.swift; sourceTree = "<group>"; };
		3B20ED4327442D7B00B96DB6 /* PaymentMethodController.swift */ = {isa = PBXFileReference; lastKnownFileType = sourcecode.swift; path = PaymentMethodController.swift; sourceTree = "<group>"; };
		3B3383D627B57C19001B2CBE /* AppData.swift */ = {isa = PBXFileReference; lastKnownFileType = sourcecode.swift; path = AppData.swift; sourceTree = "<group>"; };
		3B4FBB0E274EF00800EA538A /* SortingExtension.swift */ = {isa = PBXFileReference; lastKnownFileType = sourcecode.swift; path = SortingExtension.swift; sourceTree = "<group>"; };
		3B4FBB10274EF84000EA538A /* BillLandingView.swift */ = {isa = PBXFileReference; lastKnownFileType = sourcecode.swift; path = BillLandingView.swift; sourceTree = "<group>"; };
		3B4FBB1227500AB500EA538A /* BillTransactionView.swift */ = {isa = PBXFileReference; lastKnownFileType = sourcecode.swift; path = BillTransactionView.swift; sourceTree = "<group>"; };
		3B4FBB16275016C000EA538A /* BillItemShoppingView.swift */ = {isa = PBXFileReference; lastKnownFileType = sourcecode.swift; path = BillItemShoppingView.swift; sourceTree = "<group>"; };
		3B4FBB1827502AE800EA538A /* LabelledDivider.swift */ = {isa = PBXFileReference; lastKnownFileType = sourcecode.swift; path = LabelledDivider.swift; sourceTree = "<group>"; };
		3B4FBB1B2750424400EA538A /* TransactionView.swift */ = {isa = PBXFileReference; lastKnownFileType = sourcecode.swift; path = TransactionView.swift; sourceTree = "<group>"; };
		3B4FBB1D2750776000EA538A /* CurrencyPickerView.swift */ = {isa = PBXFileReference; lastKnownFileType = sourcecode.swift; path = CurrencyPickerView.swift; sourceTree = "<group>"; };
		3B4FBB1F27507A9C00EA538A /* PaymentMethodPickerView.swift */ = {isa = PBXFileReference; lastKnownFileType = sourcecode.swift; path = PaymentMethodPickerView.swift; sourceTree = "<group>"; };
		3B4FBB2127508C4A00EA538A /* TransactionController.swift */ = {isa = PBXFileReference; lastKnownFileType = sourcecode.swift; path = TransactionController.swift; sourceTree = "<group>"; };
		3B4FBB2327508FD800EA538A /* RatedPayableListView.swift */ = {isa = PBXFileReference; lastKnownFileType = sourcecode.swift; path = RatedPayableListView.swift; sourceTree = "<group>"; };
		3B4FBB252750933400EA538A /* PayableViewCell.swift */ = {isa = PBXFileReference; lastKnownFileType = sourcecode.swift; path = PayableViewCell.swift; sourceTree = "<group>"; };
		3B4FBB27275098D900EA538A /* BillItemViewCell.swift */ = {isa = PBXFileReference; lastKnownFileType = sourcecode.swift; path = BillItemViewCell.swift; sourceTree = "<group>"; };
		3B4FBB292750ACD900EA538A /* RatedPayableViewCell.swift */ = {isa = PBXFileReference; lastKnownFileType = sourcecode.swift; path = RatedPayableViewCell.swift; sourceTree = "<group>"; };
		3B4FBB2B2750BB5F00EA538A /* SubmitButtonView.swift */ = {isa = PBXFileReference; lastKnownFileType = sourcecode.swift; path = SubmitButtonView.swift; sourceTree = "<group>"; };
		3B596BA527726BF400A6694E /* BillViewV2.swift */ = {isa = PBXFileReference; lastKnownFileType = sourcecode.swift; path = BillViewV2.swift; sourceTree = "<group>"; };
		3B596BA72772750200A6694E /* BillWidget.swift */ = {isa = PBXFileReference; lastKnownFileType = sourcecode.swift; path = BillWidget.swift; sourceTree = "<group>"; };
		3B596BA927759AFE00A6694E /* BillItemViewCellV2.swift */ = {isa = PBXFileReference; lastKnownFileType = sourcecode.swift; path = BillItemViewCellV2.swift; sourceTree = "<group>"; };
		3B596BAB2775A23800A6694E /* RoomLegacyNavigationView.swift */ = {isa = PBXFileReference; lastKnownFileType = sourcecode.swift; path = RoomLegacyNavigationView.swift; sourceTree = "<group>"; };
		3B596BAD2775A4AC00A6694E /* BillLandingViewV2.swift */ = {isa = PBXFileReference; lastKnownFileType = sourcecode.swift; path = BillLandingViewV2.swift; sourceTree = "<group>"; };
		3B596BAF2775B12800A6694E /* BillDataV2Extension.swift */ = {isa = PBXFileReference; lastKnownFileType = sourcecode.swift; path = BillDataV2Extension.swift; sourceTree = "<group>"; };
		3B596BB62776DADB00A6694E /* ReportView.swift */ = {isa = PBXFileReference; lastKnownFileType = sourcecode.swift; path = ReportView.swift; sourceTree = "<group>"; };
		3B596BBE2776EFF300A6694E /* MFBBackground.swift */ = {isa = PBXFileReference; lastKnownFileType = sourcecode.swift; path = MFBBackground.swift; sourceTree = "<group>"; };
		3B787A752777CF1500E1383D /* BillReportPrintingController.swift */ = {isa = PBXFileReference; lastKnownFileType = sourcecode.swift; path = BillReportPrintingController.swift; sourceTree = "<group>"; };
		3B787A7A2777D25C00E1383D /* BillSubBillPrinter.swift */ = {isa = PBXFileReference; lastKnownFileType = sourcecode.swift; path = BillSubBillPrinter.swift; sourceTree = "<group>"; };
		3B787A7C2777D6B300E1383D /* BillTransactionPrinter.swift */ = {isa = PBXFileReference; lastKnownFileType = sourcecode.swift; path = BillTransactionPrinter.swift; sourceTree = "<group>"; };
		3B787A7E2778296A00E1383D /* BillHeadlinePrinter.swift */ = {isa = PBXFileReference; lastKnownFileType = sourcecode.swift; path = BillHeadlinePrinter.swift; sourceTree = "<group>"; };
		3B787A822778D7E300E1383D /* ReportController.swift */ = {isa = PBXFileReference; lastKnownFileType = sourcecode.swift; path = ReportController.swift; sourceTree = "<group>"; };
		3B787A842778DB0B00E1383D /* PayableRatedPayableSelectionController.swift */ = {isa = PBXFileReference; lastKnownFileType = sourcecode.swift; path = PayableRatedPayableSelectionController.swift; sourceTree = "<group>"; };
		3B787A8627791B4700E1383D /* FormalBillReportView.swift */ = {isa = PBXFileReference; lastKnownFileType = sourcecode.swift; name = FormalBillReportView.swift; path = ProjectMFBRemastered/View/FormalBillReportView.swift; sourceTree = SOURCE_ROOT; };
		3B787A8827791B6900E1383D /* IndividualBillReportView.swift */ = {isa = PBXFileReference; lastKnownFileType = sourcecode.swift; path = IndividualBillReportView.swift; sourceTree = "<group>"; };
		3B787A8A27791BA100E1383D /* BillReportListView.swift */ = {isa = PBXFileReference; lastKnownFileType = sourcecode.swift; path = BillReportListView.swift; sourceTree = "<group>"; };
		3B787A8C2779437200E1383D /* TESEReportView.swift */ = {isa = PBXFileReference; lastKnownFileType = sourcecode.swift; path = TESEReportView.swift; sourceTree = "<group>"; };
		3B787A8E277C20C600E1383D /* BillItemShoppingViewV2.swift */ = {isa = PBXFileReference; lastKnownFileType = sourcecode.swift; path = BillItemShoppingViewV2.swift; sourceTree = "<group>"; };
		3B787A91277D222000E1383D /* WelcomeViewDefault.swift */ = {isa = PBXFileReference; lastKnownFileType = sourcecode.swift; path = WelcomeViewDefault.swift; sourceTree = "<group>"; };
		3B787A93277D234900E1383D /* WelcomeView.swift */ = {isa = PBXFileReference; lastKnownFileType = sourcecode.swift; path = WelcomeView.swift; sourceTree = "<group>"; };
		3B787A95277E0C9C00E1383D /* OneClickTransactionView.swift */ = {isa = PBXFileReference; lastKnownFileType = sourcecode.swift; path = OneClickTransactionView.swift; sourceTree = "<group>"; };
		3B8FA0E72744A46B00D7D4AD /* PaymentMethodEditorView.swift */ = {isa = PBXFileReference; lastKnownFileType = sourcecode.swift; path = PaymentMethodEditorView.swift; sourceTree = "<group>"; };
		3B8FA0E92744AEFF00D7D4AD /* NavigationButton.swift */ = {isa = PBXFileReference; lastKnownFileType = sourcecode.swift; path = NavigationButton.swift; sourceTree = "<group>"; };
		3B8FA0EB2744BABD00D7D4AD /* WelcomeViewChristmas.swift */ = {isa = PBXFileReference; lastKnownFileType = sourcecode.swift; path = WelcomeViewChristmas.swift; sourceTree = "<group>"; };
		3B8FA0EF2744C1B900D7D4AD /* RoomManagementView.swift */ = {isa = PBXFileReference; lastKnownFileType = sourcecode.swift; path = RoomManagementView.swift; sourceTree = "<group>"; };
		3B8FA0F12744C1F100D7D4AD /* RoomEditorView.swift */ = {isa = PBXFileReference; lastKnownFileType = sourcecode.swift; path = RoomEditorView.swift; sourceTree = "<group>"; };
		3B8FA0F52745800700D7D4AD /* PayableController.swift */ = {isa = PBXFileReference; lastKnownFileType = sourcecode.swift; path = PayableController.swift; sourceTree = "<group>"; };
		3B8FA0F727458C6900D7D4AD /* PayableEditorView.swift */ = {isa = PBXFileReference; lastKnownFileType = sourcecode.swift; path = PayableEditorView.swift; sourceTree = "<group>"; };
		3B8FA0FB2745A18D00D7D4AD /* PayableManagementView.swift */ = {isa = PBXFileReference; lastKnownFileType = sourcecode.swift; path = PayableManagementView.swift; sourceTree = "<group>"; };
		3B8FA0FD2745B11F00D7D4AD /* MajorCurrencyWidzardView.swift */ = {isa = PBXFileReference; lastKnownFileType = sourcecode.swift; path = MajorCurrencyWidzardView.swift; sourceTree = "<group>"; };
		3B8FA1002745F15C00D7D4AD /* RatedPayableController.swift */ = {isa = PBXFileReference; lastKnownFileType = sourcecode.swift; path = RatedPayableController.swift; sourceTree = "<group>"; };
		3B8FA102274606B100D7D4AD /* RatedPayableEditorView.swift */ = {isa = PBXFileReference; lastKnownFileType = sourcecode.swift; path = RatedPayableEditorView.swift; sourceTree = "<group>"; };
		3B8FA1042746252700D7D4AD /* RatedPayableManagementView.swift */ = {isa = PBXFileReference; lastKnownFileType = sourcecode.swift; path = RatedPayableManagementView.swift; sourceTree = "<group>"; };
		3B9C492427CC42E0008EEB30 /* BillCompleteView.swift */ = {isa = PBXFileReference; lastKnownFileType = sourcecode.swift; path = BillCompleteView.swift; sourceTree = "<group>"; };
		3B9C492827CC4445008EEB30 /* BillCompleteViewDefault.swift */ = {isa = PBXFileReference; lastKnownFileType = sourcecode.swift; path = BillCompleteViewDefault.swift; sourceTree = "<group>"; };
		3B9C492A27CC44CB008EEB30 /* BillCompleteViewStella.swift */ = {isa = PBXFileReference; lastKnownFileType = sourcecode.swift; path = BillCompleteViewStella.swift; sourceTree = "<group>"; };
		3BADA68B2742CF71000B1D33 /* TransactionAmountTextField.swift */ = {isa = PBXFileReference; lastKnownFileType = sourcecode.swift; path = TransactionAmountTextField.swift; sourceTree = "<group>"; };
		3BADA68D2742F095000B1D33 /* DecimalField.swift */ = {isa = PBXFileReference; lastKnownFileType = sourcecode.swift; path = DecimalField.swift; sourceTree = "<group>"; };
		3BC78F8727514D4700F5844F /* BillSplitByAmountWizardView.swift */ = {isa = PBXFileReference; lastKnownFileType = sourcecode.swift; path = BillSplitByAmountWizardView.swift; sourceTree = "<group>"; };
		3BC78F8A27514D6700F5844F /* BillSplitByAmountView.swift */ = {isa = PBXFileReference; lastKnownFileType = sourcecode.swift; path = BillSplitByAmountView.swift; sourceTree = "<group>"; };
		3BC78F8C27520CCC00F5844F /* BillDataSBAExtension.swift */ = {isa = PBXFileReference; lastKnownFileType = sourcecode.swift; path = BillDataSBAExtension.swift; sourceTree = "<group>"; };
		3BC78F8E2752BC9D00F5844F /* StateExtension.swift */ = {isa = PBXFileReference; lastKnownFileType = sourcecode.swift; path = StateExtension.swift; sourceTree = "<group>"; };
		3BC78F912752DBD500F5844F /* BillDataOBRExtension.swift */ = {isa = PBXFileReference; lastKnownFileType = sourcecode.swift; path = BillDataOBRExtension.swift; sourceTree = "<group>"; };
		3BC78F992754118500F5844F /* BillSplitByProductView.swift */ = {isa = PBXFileReference; lastKnownFileType = sourcecode.swift; path = BillSplitByProductView.swift; sourceTree = "<group>"; };
		3BC78F9D2754553900F5844F /* BillDataSBPExtension.swift */ = {isa = PBXFileReference; lastKnownFileType = sourcecode.swift; path = BillDataSBPExtension.swift; sourceTree = "<group>"; };
		3BC78FA3275560B900F5844F /* RoundedButton.swift */ = {isa = PBXFileReference; lastKnownFileType = sourcecode.swift; path = RoundedButton.swift; sourceTree = "<group>"; };
		3BC78FA72755798100F5844F /* SBPCartFloatingView.swift */ = {isa = PBXFileReference; lastKnownFileType = sourcecode.swift; path = SBPCartFloatingView.swift; sourceTree = "<group>"; };
		3BC78FA92755AD9100F5844F /* BillListViewCell.swift */ = {isa = PBXFileReference; lastKnownFileType = sourcecode.swift; path = BillListViewCell.swift; sourceTree = "<group>"; };
		3BC78FAB2755B37600F5844F /* BillExtension.swift */ = {isa = PBXFileReference; lastKnownFileType = sourcecode.swift; path = BillExtension.swift; sourceTree = "<group>"; };
		3BC78FD42756A6C800F5844F /* HistoryBillPreview.swift */ = {isa = PBXFileReference; lastKnownFileType = sourcecode.swift; path = HistoryBillPreview.swift; sourceTree = "<group>"; };
		3BC78FD62756B14B00F5844F /* PaymentViewCell.swift */ = {isa = PBXFileReference; lastKnownFileType = sourcecode.swift; path = PaymentViewCell.swift; sourceTree = "<group>"; };
		3BC78FD82756B76900F5844F /* TransactionListViewCell.swift */ = {isa = PBXFileReference; lastKnownFileType = sourcecode.swift; path = TransactionListViewCell.swift; sourceTree = "<group>"; };
		3BC78FDA2756BB0300F5844F /* HistoryBillListView.swift */ = {isa = PBXFileReference; lastKnownFileType = sourcecode.swift; path = HistoryBillListView.swift; sourceTree = "<group>"; };
		3BC78FDC2756C0DE00F5844F /* BillNavigationView.swift */ = {isa = PBXFileReference; lastKnownFileType = sourcecode.swift; path = BillNavigationView.swift; sourceTree = "<group>"; };
		3BC78FDE2756CEAF00F5844F /* SBAFloatingActionView.swift */ = {isa = PBXFileReference; lastKnownFileType = sourcecode.swift; path = SBAFloatingActionView.swift; sourceTree = "<group>"; };
		3BC78FE127570C0D00F5844F /* DatabaseMonitor.swift */ = {isa = PBXFileReference; lastKnownFileType = sourcecode.swift; path = DatabaseMonitor.swift; sourceTree = "<group>"; };
		3BD581812746A36D00089113 /* SearchBar.swift */ = {isa = PBXFileReference; lastKnownFileType = sourcecode.swift; path = SearchBar.swift; sourceTree = "<group>"; };
		3BD581832746BC2E00089113 /* PayableListView.swift */ = {isa = PBXFileReference; lastKnownFileType = sourcecode.swift; path = PayableListView.swift; sourceTree = "<group>"; };
		3BD581872746EAB200089113 /* BillSetupView.swift */ = {isa = PBXFileReference; lastKnownFileType = sourcecode.swift; path = BillSetupView.swift; sourceTree = "<group>"; };
		3BD5818B2749E1EC00089113 /* BillView.swift */ = {isa = PBXFileReference; lastKnownFileType = sourcecode.swift; path = BillView.swift; sourceTree = "<group>"; };
		3BD5818D2749E28700089113 /* RoomNavigationView.swift */ = {isa = PBXFileReference; lastKnownFileType = sourcecode.swift; path = RoomNavigationView.swift; sourceTree = "<group>"; };
		3BD581A9274C56C600089113 /* BillController.swift */ = {isa = PBXFileReference; lastKnownFileType = sourcecode.swift; path = BillController.swift; sourceTree = "<group>"; };
		3BD581AB274C581100089113 /* BillData.swift */ = {isa = PBXFileReference; lastKnownFileType = sourcecode.swift; path = BillData.swift; sourceTree = "<group>"; };
		3BD581AD274D769C00089113 /* BillListVIew.swift */ = {isa = PBXFileReference; lastKnownFileType = sourcecode.swift; path = BillListVIew.swift; sourceTree = "<group>"; };
		3BEEE2FE273C53810056AF54 /* MFB Cashier.app */ = {isa = PBXFileReference; explicitFileType = wrapper.application; includeInIndex = 0; path = "MFB Cashier.app"; sourceTree = BUILT_PRODUCTS_DIR; };
		3BEEE301273C53810056AF54 /* ProjectMFBRemasteredApp.swift */ = {isa = PBXFileReference; lastKnownFileType = sourcecode.swift; path = ProjectMFBRemasteredApp.swift; sourceTree = "<group>"; };
		3BEEE305273C53840056AF54 /* Assets.xcassets */ = {isa = PBXFileReference; lastKnownFileType = folder.assetcatalog; path = Assets.xcassets; sourceTree = "<group>"; };
		3BEEE308273C53840056AF54 /* Preview Assets.xcassets */ = {isa = PBXFileReference; lastKnownFileType = folder.assetcatalog; path = "Preview Assets.xcassets"; sourceTree = "<group>"; };
		3BEEE30A273C53840056AF54 /* Persistence.swift */ = {isa = PBXFileReference; lastKnownFileType = sourcecode.swift; path = Persistence.swift; sourceTree = "<group>"; };
		3BEEE30D273C53840056AF54 /* ProjectMFBRemastered.xcdatamodel */ = {isa = PBXFileReference; lastKnownFileType = wrapper.xcdatamodel; path = ProjectMFBRemastered.xcdatamodel; sourceTree = "<group>"; };
		3BEEE315273C560F0056AF54 /* LandingView.swift */ = {isa = PBXFileReference; lastKnownFileType = sourcecode.swift; path = LandingView.swift; sourceTree = "<group>"; };
		3BEEE318273C57080056AF54 /* RegisterationView.swift */ = {isa = PBXFileReference; lastKnownFileType = sourcecode.swift; path = RegisterationView.swift; sourceTree = "<group>"; };
		3BEEE31B273C57D40056AF54 /* SetupWizardView.swift */ = {isa = PBXFileReference; lastKnownFileType = sourcecode.swift; path = SetupWizardView.swift; sourceTree = "<group>"; };
		3BEEE31D273C581B0056AF54 /* LoginView.swift */ = {isa = PBXFileReference; lastKnownFileType = sourcecode.swift; path = LoginView.swift; sourceTree = "<group>"; };
		3BEEE320273C58440056AF54 /* MainView.swift */ = {isa = PBXFileReference; lastKnownFileType = sourcecode.swift; path = MainView.swift; sourceTree = "<group>"; };
		3BEEE323273C5A000056AF54 /* EncryptExtension.swift */ = {isa = PBXFileReference; fileEncoding = 4; lastKnownFileType = sourcecode.swift; path = EncryptExtension.swift; sourceTree = "<group>"; };
/* End PBXFileReference section */

/* Begin PBXFrameworksBuildPhase section */
		3BEEE2FB273C53810056AF54 /* Frameworks */ = {
			isa = PBXFrameworksBuildPhase;
			buildActionMask = 2147483647;
			files = (
				3B1707B2275755CE00FC8350 /* CloudKit.framework in Frameworks */,
			);
			runOnlyForDeploymentPostprocessing = 0;
		};
/* End PBXFrameworksBuildPhase section */

/* Begin PBXGroup section */
		3B1707A727573F7000FC8350 /* User */ = {
			isa = PBXGroup;
			children = (
				3B1707A82757478500FC8350 /* UserManagementView.swift */,
				3B1707AC27574A9500FC8350 /* UserEditorView.swift */,
			);
			path = User;
			sourceTree = "<group>";
		};
		3B1707B0275755CE00FC8350 /* Frameworks */ = {
			isa = PBXGroup;
			children = (
				3B1707B1275755CE00FC8350 /* CloudKit.framework */,
			);
			name = Frameworks;
			sourceTree = "<group>";
		};
		3B1707B32757D52700FC8350 /* Shopping */ = {
			isa = PBXGroup;
			children = (
				3B4FBB16275016C000EA538A /* BillItemShoppingView.swift */,
				3B1707B62757D89000FC8350 /* BillItemShoppingFloatingView.swift */,
			);
			path = Shopping;
			sourceTree = "<group>";
		};
		3B202FF9273DCA9A0016B537 /* Currency */ = {
			isa = PBXGroup;
			children = (
				3B203005273EDB200016B537 /* CurrencyManagementView.swift */,
				3B203013273F29690016B537 /* CurrencyEditorView.swift */,
				3B4FBB1D2750776000EA538A /* CurrencyPickerView.swift */,
			);
			path = Currency;
			sourceTree = "<group>";
		};
		3B202FFA273ED4EB0016B537 /* Controller */ = {
			isa = PBXGroup;
			children = (
				3B787A822778D7E300E1383D /* ReportController.swift */,
				3B787A842778DB0B00E1383D /* PayableRatedPayableSelectionController.swift */,
				3B202FFC273ED52D0016B537 /* CurrencyController.swift */,
				3B202FFF273ED5DD0016B537 /* ModelController.swift */,
				3B20ED34274373C300B96DB6 /* TagController.swift */,
				3B20ED4327442D7B00B96DB6 /* PaymentMethodController.swift */,
				3B8FA0F52745800700D7D4AD /* PayableController.swift */,
				3B8FA1002745F15C00D7D4AD /* RatedPayableController.swift */,
				3BD581A9274C56C600089113 /* BillController.swift */,
				3B4FBB2127508C4A00EA538A /* TransactionController.swift */,
				3B1707AA275747BE00FC8350 /* AccountController.swift */,
			);
			path = Controller;
			sourceTree = "<group>";
		};
		3B20300D273F0DFA0016B537 /* Utils */ = {
			isa = PBXGroup;
			children = (
				3B20300E273F0E330016B537 /* NavigationBackButton.swift */,
				3BADA68B2742CF71000B1D33 /* TransactionAmountTextField.swift */,
				3BADA68D2742F095000B1D33 /* DecimalField.swift */,
				3B8FA0E92744AEFF00D7D4AD /* NavigationButton.swift */,
				3BD581812746A36D00089113 /* SearchBar.swift */,
				3B4FBB2B2750BB5F00EA538A /* SubmitButtonView.swift */,
				3B4FBB1827502AE800EA538A /* LabelledDivider.swift */,
				3BC78FA3275560B900F5844F /* RoundedButton.swift */,
			);
			path = Utils;
			sourceTree = "<group>";
		};
		3B203019273F65A60016B537 /* Tag */ = {
			isa = PBXGroup;
			children = (
				3B20301A273F65DB0016B537 /* TagManagementView.swift */,
				3B1707A227572B4100FC8350 /* TagEditorView.swift */,
				3B1707A42757318E00FC8350 /* TagListView.swift */,
				3B1707B827582D4400FC8350 /* TagSearchView.swift */,
			);
			path = Tag;
			sourceTree = "<group>";
		};
		3B20ED362743786200B96DB6 /* PaymentMethod */ = {
			isa = PBXGroup;
			children = (
				3B20ED4127442C4800B96DB6 /* PaymentMethodManagementView.swift */,
				3B8FA0E72744A46B00D7D4AD /* PaymentMethodEditorView.swift */,
				3B4FBB1F27507A9C00EA538A /* PaymentMethodPickerView.swift */,
			);
			path = PaymentMethod;
			sourceTree = "<group>";
		};
		3B3383D527B57B9B001B2CBE /* Data */ = {
			isa = PBXGroup;
			children = (
				3B3383D627B57C19001B2CBE /* AppData.swift */,
				3BD581AB274C581100089113 /* BillData.swift */,
				3BC78F912752DBD500F5844F /* BillDataOBRExtension.swift */,
				3BC78F9D2754553900F5844F /* BillDataSBPExtension.swift */,
				3BC78F8C27520CCC00F5844F /* BillDataSBAExtension.swift */,
				3B596BAF2775B12800A6694E /* BillDataV2Extension.swift */,
			);
			path = Data;
			sourceTree = "<group>";
		};
		3B4FBB1A275035A600EA538A /* Transaction */ = {
			isa = PBXGroup;
			children = (
				3B4FBB1B2750424400EA538A /* TransactionView.swift */,
				3BC78FD82756B76900F5844F /* TransactionListViewCell.swift */,
			);
			path = Transaction;
			sourceTree = "<group>";
		};
		3B596BA4277254F700A6694E /* BillV2 */ = {
			isa = PBXGroup;
			children = (
				3B596BAD2775A4AC00A6694E /* BillLandingViewV2.swift */,
				3B596BA527726BF400A6694E /* BillViewV2.swift */,
				3B596BA927759AFE00A6694E /* BillItemViewCellV2.swift */,
				3B596BA72772750200A6694E /* BillWidget.swift */,
				3B787A8E277C20C600E1383D /* BillItemShoppingViewV2.swift */,
			);
			path = BillV2;
			sourceTree = "<group>";
		};
		3B596BB22776D62E00A6694E /* Report */ = {
			isa = PBXGroup;
			children = (
				3B787A8827791B6900E1383D /* IndividualBillReportView.swift */,
				3B787A8627791B4700E1383D /* FormalBillReportView.swift */,
				3B787A8A27791BA100E1383D /* BillReportListView.swift */,
				3B596BB62776DADB00A6694E /* ReportView.swift */,
				3B787A8C2779437200E1383D /* TESEReportView.swift */,
			);
			path = Report;
			sourceTree = "<group>";
		};
		3B787A772777D0C000E1383D /* Report */ = {
			isa = PBXGroup;
			children = (
				3B787A7E2778296A00E1383D /* BillHeadlinePrinter.swift */,
				3B787A7A2777D25C00E1383D /* BillSubBillPrinter.swift */,
				3B787A7C2777D6B300E1383D /* BillTransactionPrinter.swift */,
				3B787A752777CF1500E1383D /* BillReportPrintingController.swift */,
			);
			path = Report;
			sourceTree = "<group>";
		};
		3B787A90277D21E300E1383D /* Customized */ = {
			isa = PBXGroup;
			children = (
				3B9C492727CC4414008EEB30 /* BillComplete */,
				3B9C492627CC43F7008EEB30 /* Welcome */,
			);
			path = Customized;
			sourceTree = "<group>";
		};
		3B8FA0ED2744C04900D7D4AD /* Payable */ = {
			isa = PBXGroup;
			children = (
				3B8FA0FB2745A18D00D7D4AD /* PayableManagementView.swift */,
				3B8FA0F727458C6900D7D4AD /* PayableEditorView.swift */,
				3BD581832746BC2E00089113 /* PayableListView.swift */,
				3B4FBB252750933400EA538A /* PayableViewCell.swift */,
			);
			path = Payable;
			sourceTree = "<group>";
		};
		3B8FA0EE2744C14700D7D4AD /* Room */ = {
			isa = PBXGroup;
			children = (
				3B8FA0EF2744C1B900D7D4AD /* RoomManagementView.swift */,
				3B8FA0F12744C1F100D7D4AD /* RoomEditorView.swift */,
			);
			path = Room;
			sourceTree = "<group>";
		};
		3B8FA0FF2745EF1A00D7D4AD /* RatedPayable */ = {
			isa = PBXGroup;
			children = (
				3B8FA1042746252700D7D4AD /* RatedPayableManagementView.swift */,
				3B8FA102274606B100D7D4AD /* RatedPayableEditorView.swift */,
				3B4FBB2327508FD800EA538A /* RatedPayableListView.swift */,
				3B4FBB292750ACD900EA538A /* RatedPayableViewCell.swift */,
			);
			path = RatedPayable;
			sourceTree = "<group>";
		};
		3B9C492627CC43F7008EEB30 /* Welcome */ = {
			isa = PBXGroup;
			children = (
				3B787A93277D234900E1383D /* WelcomeView.swift */,
				3B787A91277D222000E1383D /* WelcomeViewDefault.swift */,
				3B8FA0EB2744BABD00D7D4AD /* WelcomeViewChristmas.swift */,
			);
			path = Welcome;
			sourceTree = "<group>";
		};
		3B9C492727CC4414008EEB30 /* BillComplete */ = {
			isa = PBXGroup;
			children = (
				3B9C492427CC42E0008EEB30 /* BillCompleteView.swift */,
				3B9C492827CC4445008EEB30 /* BillCompleteViewDefault.swift */,
				3B9C492A27CC44CB008EEB30 /* BillCompleteViewStella.swift */,
			);
			path = BillComplete;
			sourceTree = "<group>";
		};
		3BC78F8927514D5400F5844F /* SBA */ = {
			isa = PBXGroup;
			children = (
				3BC78F8727514D4700F5844F /* BillSplitByAmountWizardView.swift */,
				3BC78F8A27514D6700F5844F /* BillSplitByAmountView.swift */,
				3BC78FDE2756CEAF00F5844F /* SBAFloatingActionView.swift */,
			);
			path = SBA;
			sourceTree = "<group>";
		};
		3BC78F902752DBBE00F5844F /* OBR */ = {
			isa = PBXGroup;
			children = (
				3B4FBB1227500AB500EA538A /* BillTransactionView.swift */,
				3B787A95277E0C9C00E1383D /* OneClickTransactionView.swift */,
			);
			path = OBR;
			sourceTree = "<group>";
		};
		3BC78F982754116400F5844F /* SBP */ = {
			isa = PBXGroup;
			children = (
				3BC78F992754118500F5844F /* BillSplitByProductView.swift */,
				3BC78FA72755798100F5844F /* SBPCartFloatingView.swift */,
			);
			path = SBP;
			sourceTree = "<group>";
		};
		3BC78FB32755D59100F5844F /* History */ = {
			isa = PBXGroup;
			children = (
				3BC78FDA2756BB0300F5844F /* HistoryBillListView.swift */,
				3BC78FD42756A6C800F5844F /* HistoryBillPreview.swift */,
			);
			path = History;
			sourceTree = "<group>";
		};
		3BC78FE02757063100F5844F /* Debug */ = {
			isa = PBXGroup;
			children = (
				3BC78FE127570C0D00F5844F /* DatabaseMonitor.swift */,
				3B1707A02757224700FC8350 /* DBSwitchView.swift */,
			);
			path = Debug;
			sourceTree = "<group>";
		};
		3BD581862746EA5F00089113 /* Bill */ = {
			isa = PBXGroup;
			children = (
				3B1707B32757D52700FC8350 /* Shopping */,
				3BC78F902752DBBE00F5844F /* OBR */,
				3BC78F982754116400F5844F /* SBP */,
				3BC78F8927514D5400F5844F /* SBA */,
				3B4FBB10274EF84000EA538A /* BillLandingView.swift */,
				3BD581872746EAB200089113 /* BillSetupView.swift */,
				3BD5818B2749E1EC00089113 /* BillView.swift */,
				3BD581AD274D769C00089113 /* BillListVIew.swift */,
				3B4FBB27275098D900EA538A /* BillItemViewCell.swift */,
				3BC78FA92755AD9100F5844F /* BillListViewCell.swift */,
				3BC78FD62756B14B00F5844F /* PaymentViewCell.swift */,
			);
			path = Bill;
			sourceTree = "<group>";
		};
		3BEEE2F5273C53810056AF54 = {
			isa = PBXGroup;
			children = (
				3BEEE300273C53810056AF54 /* ProjectMFBRemastered */,
				3BEEE2FF273C53810056AF54 /* Products */,
				3B1707B0275755CE00FC8350 /* Frameworks */,
			);
			sourceTree = "<group>";
		};
		3BEEE2FF273C53810056AF54 /* Products */ = {
			isa = PBXGroup;
			children = (
				3BEEE2FE273C53810056AF54 /* MFB Cashier.app */,
			);
			name = Products;
			sourceTree = "<group>";
		};
		3BEEE300273C53810056AF54 /* ProjectMFBRemastered */ = {
			isa = PBXGroup;
			children = (
				3B203012273F14940016B537 /* ProjectMFBRemastered.entitlements */,
				3B3383D527B57B9B001B2CBE /* Data */,
				3B202FFA273ED4EB0016B537 /* Controller */,
				3BEEE322273C59E60056AF54 /* Extensions */,
				3B787A772777D0C000E1383D /* Report */,
				3BEEE314273C53960056AF54 /* View */,
				3BEEE301273C53810056AF54 /* ProjectMFBRemasteredApp.swift */,
				3BEEE305273C53840056AF54 /* Assets.xcassets */,
				3BEEE30A273C53840056AF54 /* Persistence.swift */,
				3BEEE30C273C53840056AF54 /* ProjectMFBRemastered.xcdatamodeld */,
				3BEEE307273C53840056AF54 /* Preview Content */,
			);
			path = ProjectMFBRemastered;
			sourceTree = "<group>";
		};
		3BEEE307273C53840056AF54 /* Preview Content */ = {
			isa = PBXGroup;
			children = (
				3BEEE308273C53840056AF54 /* Preview Assets.xcassets */,
			);
			path = "Preview Content";
			sourceTree = "<group>";
		};
		3BEEE314273C53960056AF54 /* View */ = {
			isa = PBXGroup;
			children = (
				3B787A90277D21E300E1383D /* Customized */,
				3B596BB22776D62E00A6694E /* Report */,
				3B596BA4277254F700A6694E /* BillV2 */,
				3B1707A727573F7000FC8350 /* User */,
				3BC78FE02757063100F5844F /* Debug */,
				3BC78FB32755D59100F5844F /* History */,
				3B4FBB1A275035A600EA538A /* Transaction */,
				3BD581862746EA5F00089113 /* Bill */,
				3B8FA0EE2744C14700D7D4AD /* Room */,
				3B8FA0ED2744C04900D7D4AD /* Payable */,
				3B8FA0FF2745EF1A00D7D4AD /* RatedPayable */,
				3B20ED362743786200B96DB6 /* PaymentMethod */,
				3B203019273F65A60016B537 /* Tag */,
				3B20300D273F0DFA0016B537 /* Utils */,
				3B202FF9273DCA9A0016B537 /* Currency */,
				3BEEE31F273C583B0056AF54 /* Main */,
				3BEEE31A273C57C00056AF54 /* Setup */,
				3BEEE317273C56F90056AF54 /* Account */,
				3BEEE315273C560F0056AF54 /* LandingView.swift */,
			);
			path = View;
			sourceTree = "<group>";
		};
		3BEEE317273C56F90056AF54 /* Account */ = {
			isa = PBXGroup;
			children = (
				3BEEE318273C57080056AF54 /* RegisterationView.swift */,
				3BEEE31D273C581B0056AF54 /* LoginView.swift */,
			);
			path = Account;
			sourceTree = "<group>";
		};
		3BEEE31A273C57C00056AF54 /* Setup */ = {
			isa = PBXGroup;
			children = (
				3BEEE31B273C57D40056AF54 /* SetupWizardView.swift */,
				3B8FA0FD2745B11F00D7D4AD /* MajorCurrencyWidzardView.swift */,
			);
			path = Setup;
			sourceTree = "<group>";
		};
		3BEEE31F273C583B0056AF54 /* Main */ = {
			isa = PBXGroup;
			children = (
				3BD5818D2749E28700089113 /* RoomNavigationView.swift */,
				3BC78FDC2756C0DE00F5844F /* BillNavigationView.swift */,
				3B1707AE2757517000FC8350 /* RootNavigationView.swift */,
				3B596BAB2775A23800A6694E /* RoomLegacyNavigationView.swift */,
				3BEEE320273C58440056AF54 /* MainView.swift */,
				3B203010273F0FD60016B537 /* ContentWrapperView.swift */,
				3B596BBE2776EFF300A6694E /* MFBBackground.swift */,
			);
			path = Main;
			sourceTree = "<group>";
		};
		3BEEE322273C59E60056AF54 /* Extensions */ = {
			isa = PBXGroup;
			children = (
				3BEEE323273C5A000056AF54 /* EncryptExtension.swift */,
				3B203001273ED6000016B537 /* DecimalExtension.swift */,
				3B20300B273EEFB90016B537 /* PresentationExtensions.swift */,
				3B203015273F2A540016B537 /* IdentifiableExtensions.swift */,
				3B203017273F556A0016B537 /* TrimmingExtensions.swift */,
				3B20ED3B274384E700B96DB6 /* HideKeyboardExtension.swift */,
				3B4FBB0E274EF00800EA538A /* SortingExtension.swift */,
				3BC78F8E2752BC9D00F5844F /* StateExtension.swift */,
				3BC78FAB2755B37600F5844F /* BillExtension.swift */,
			);
			path = Extensions;
			sourceTree = "<group>";
		};
/* End PBXGroup section */

/* Begin PBXNativeTarget section */
		3BEEE2FD273C53810056AF54 /* ProjectMFBRemastered */ = {
			isa = PBXNativeTarget;
			buildConfigurationList = 3BEEE311273C53840056AF54 /* Build configuration list for PBXNativeTarget "ProjectMFBRemastered" */;
			buildPhases = (
				3BEEE2FA273C53810056AF54 /* Sources */,
				3BEEE2FB273C53810056AF54 /* Frameworks */,
				3BEEE2FC273C53810056AF54 /* Resources */,
			);
			buildRules = (
			);
			dependencies = (
			);
			name = ProjectMFBRemastered;
			productName = ProjectMFBRemastered;
			productReference = 3BEEE2FE273C53810056AF54 /* MFB Cashier.app */;
			productType = "com.apple.product-type.application";
		};
/* End PBXNativeTarget section */

/* Begin PBXProject section */
		3BEEE2F6273C53810056AF54 /* Project object */ = {
			isa = PBXProject;
			attributes = {
				BuildIndependentTargetsInParallel = 1;
				LastSwiftUpdateCheck = 1310;
				LastUpgradeCheck = 1310;
				TargetAttributes = {
					3BEEE2FD273C53810056AF54 = {
						CreatedOnToolsVersion = 13.1;
					};
				};
			};
			buildConfigurationList = 3BEEE2F9273C53810056AF54 /* Build configuration list for PBXProject "ProjectMFBRemastered" */;
			compatibilityVersion = "Xcode 13.0";
			developmentRegion = en;
			hasScannedForEncodings = 0;
			knownRegions = (
				en,
				Base,
			);
			mainGroup = 3BEEE2F5273C53810056AF54;
			productRefGroup = 3BEEE2FF273C53810056AF54 /* Products */;
			projectDirPath = "";
			projectRoot = "";
			targets = (
				3BEEE2FD273C53810056AF54 /* ProjectMFBRemastered */,
			);
		};
/* End PBXProject section */

/* Begin PBXResourcesBuildPhase section */
		3BEEE2FC273C53810056AF54 /* Resources */ = {
			isa = PBXResourcesBuildPhase;
			buildActionMask = 2147483647;
			files = (
				3BEEE309273C53840056AF54 /* Preview Assets.xcassets in Resources */,
				3BEEE306273C53840056AF54 /* Assets.xcassets in Resources */,
			);
			runOnlyForDeploymentPostprocessing = 0;
		};
/* End PBXResourcesBuildPhase section */

/* Begin PBXSourcesBuildPhase section */
		3BEEE2FA273C53810056AF54 /* Sources */ = {
			isa = PBXSourcesBuildPhase;
			buildActionMask = 2147483647;
			files = (
				3B8FA0EA2744AEFF00D7D4AD /* NavigationButton.swift in Sources */,
				3B4FBB11274EF84000EA538A /* BillLandingView.swift in Sources */,
				3B1707AF2757517000FC8350 /* RootNavigationView.swift in Sources */,
				3B787A8D2779437200E1383D /* TESEReportView.swift in Sources */,
				3BC78F922752DBD500F5844F /* BillDataOBRExtension.swift in Sources */,
				3BC78FA4275560B900F5844F /* RoundedButton.swift in Sources */,
				3B20301B273F65DB0016B537 /* TagManagementView.swift in Sources */,
				3B1707AB275747BE00FC8350 /* AccountController.swift in Sources */,
				3B4FBB262750933400EA538A /* PayableViewCell.swift in Sources */,
				3B8FA0E82744A46B00D7D4AD /* PaymentMethodEditorView.swift in Sources */,
				3BC78FA82755798100F5844F /* SBPCartFloatingView.swift in Sources */,
				3B8FA1052746252700D7D4AD /* RatedPayableManagementView.swift in Sources */,
				3BC78FE227570C0D00F5844F /* DatabaseMonitor.swift in Sources */,
				3B4FBB1927502AE800EA538A /* LabelledDivider.swift in Sources */,
				3BEEE30B273C53840056AF54 /* Persistence.swift in Sources */,
				3B787A96277E0C9C00E1383D /* OneClickTransactionView.swift in Sources */,
				3BC78FDB2756BB0300F5844F /* HistoryBillListView.swift in Sources */,
				3B8FA0F22744C1F100D7D4AD /* RoomEditorView.swift in Sources */,
				3BC78FD52756A6C800F5844F /* HistoryBillPreview.swift in Sources */,
				3B203016273F2A540016B537 /* IdentifiableExtensions.swift in Sources */,
				3B9C492927CC4445008EEB30 /* BillCompleteViewDefault.swift in Sources */,
				3B1707A92757478500FC8350 /* UserManagementView.swift in Sources */,
				3B787A852778DB0B00E1383D /* PayableRatedPayableSelectionController.swift in Sources */,
				3B787A7D2777D6B300E1383D /* BillTransactionPrinter.swift in Sources */,
				3BC78F8B27514D6700F5844F /* BillSplitByAmountView.swift in Sources */,
				3B787A8B27791BA100E1383D /* BillReportListView.swift in Sources */,
				3B203018273F556A0016B537 /* TrimmingExtensions.swift in Sources */,
				3BC78F9E2754553900F5844F /* BillDataSBPExtension.swift in Sources */,
				3B1707A12757224700FC8350 /* DBSwitchView.swift in Sources */,
				3B4FBB17275016C000EA538A /* BillItemShoppingView.swift in Sources */,
				3B202FFD273ED52D0016B537 /* CurrencyController.swift in Sources */,
				3B596BBF2776EFF300A6694E /* MFBBackground.swift in Sources */,
				3BC78FDF2756CEAF00F5844F /* SBAFloatingActionView.swift in Sources */,
				3BADA68C2742CF71000B1D33 /* TransactionAmountTextField.swift in Sources */,
				3B1707AD27574A9500FC8350 /* UserEditorView.swift in Sources */,
				3B787A7B2777D25C00E1383D /* BillSubBillPrinter.swift in Sources */,
				3BC78FD92756B76900F5844F /* TransactionListViewCell.swift in Sources */,
				3BC78FDD2756C0DE00F5844F /* BillNavigationView.swift in Sources */,
				3B4FBB2027507A9C00EA538A /* PaymentMethodPickerView.swift in Sources */,
				3B20ED35274373C300B96DB6 /* TagController.swift in Sources */,
				3BC78F8827514D4700F5844F /* BillSplitByAmountWizardView.swift in Sources */,
				3B9C492B27CC44CB008EEB30 /* BillCompleteViewStella.swift in Sources */,
				3B203014273F29690016B537 /* CurrencyEditorView.swift in Sources */,
				3BD5818C2749E1EC00089113 /* BillView.swift in Sources */,
				3BC78FAC2755B37700F5844F /* BillExtension.swift in Sources */,
				3B20300F273F0E330016B537 /* NavigationBackButton.swift in Sources */,
				3BADA68E2742F095000B1D33 /* DecimalField.swift in Sources */,
				3B203002273ED6000016B537 /* DecimalExtension.swift in Sources */,
				3B8FA103274606B100D7D4AD /* RatedPayableEditorView.swift in Sources */,
				3B203011273F0FD60016B537 /* ContentWrapperView.swift in Sources */,
				3B4FBB28275098D900EA538A /* BillItemViewCell.swift in Sources */,
				3BC78F9A2754118500F5844F /* BillSplitByProductView.swift in Sources */,
				3BC78FAA2755AD9100F5844F /* BillListViewCell.swift in Sources */,
				3B8FA1012745F15C00D7D4AD /* RatedPayableController.swift in Sources */,
				3B8FA0FC2745A18D00D7D4AD /* PayableManagementView.swift in Sources */,
				3B787A7F2778296A00E1383D /* BillHeadlinePrinter.swift in Sources */,
				3B8FA0F02744C1B900D7D4AD /* RoomManagementView.swift in Sources */,
				3B787A8927791B6900E1383D /* IndividualBillReportView.swift in Sources */,
				3B787A8F277C20C600E1383D /* BillItemShoppingViewV2.swift in Sources */,
				3BD581882746EAB200089113 /* BillSetupView.swift in Sources */,
				3B1707B927582D4400FC8350 /* TagSearchView.swift in Sources */,
				3B3383D727B57C19001B2CBE /* AppData.swift in Sources */,
				3B20ED4427442D7B00B96DB6 /* PaymentMethodController.swift in Sources */,
				3BEEE321273C58440056AF54 /* MainView.swift in Sources */,
				3B596BA82772750200A6694E /* BillWidget.swift in Sources */,
				3B596BAC2775A23800A6694E /* RoomLegacyNavigationView.swift in Sources */,
				3BEEE316273C560F0056AF54 /* LandingView.swift in Sources */,
				3B4FBB2427508FD800EA538A /* RatedPayableListView.swift in Sources */,
				3BD581842746BC2E00089113 /* PayableListView.swift in Sources */,
				3B596BB72776DADB00A6694E /* ReportView.swift in Sources */,
				3B787A92277D222000E1383D /* WelcomeViewDefault.swift in Sources */,
				3BC78F8F2752BC9D00F5844F /* StateExtension.swift in Sources */,
				3BC78F8D27520CCC00F5844F /* BillDataSBAExtension.swift in Sources */,
				3B8FA0FE2745B11F00D7D4AD /* MajorCurrencyWidzardView.swift in Sources */,
				3BD581AC274C581100089113 /* BillData.swift in Sources */,
				3B4FBB1C2750424400EA538A /* TransactionView.swift in Sources */,
				3BEEE31C273C57D40056AF54 /* SetupWizardView.swift in Sources */,
				3B8FA0EC2744BABD00D7D4AD /* WelcomeViewChristmas.swift in Sources */,
				3B8FA0F827458C6900D7D4AD /* PayableEditorView.swift in Sources */,
				3B596BAE2775A4AC00A6694E /* BillLandingViewV2.swift in Sources */,
				3BD581AE274D769D00089113 /* BillListVIew.swift in Sources */,
				3B4FBB2227508C4A00EA538A /* TransactionController.swift in Sources */,
				3B596BA627726BF400A6694E /* BillViewV2.swift in Sources */,
				3BEEE319273C57080056AF54 /* RegisterationView.swift in Sources */,
				3B4FBB2A2750ACD900EA538A /* RatedPayableViewCell.swift in Sources */,
				3BD5818E2749E28700089113 /* RoomNavigationView.swift in Sources */,
				3B1707A52757318E00FC8350 /* TagListView.swift in Sources */,
				3B4FBB1327500AB500EA538A /* BillTransactionView.swift in Sources */,
				3B787A8727791B4700E1383D /* FormalBillReportView.swift in Sources */,
				3B1707B72757D89000FC8350 /* BillItemShoppingFloatingView.swift in Sources */,
				3B8FA0F62745800700D7D4AD /* PayableController.swift in Sources */,
				3B787A762777CF1500E1383D /* BillReportPrintingController.swift in Sources */,
				3B596BB02775B12800A6694E /* BillDataV2Extension.swift in Sources */,
				3B203006273EDB200016B537 /* CurrencyManagementView.swift in Sources */,
				3B596BAA27759AFE00A6694E /* BillItemViewCellV2.swift in Sources */,
				3B1707A327572B4100FC8350 /* TagEditorView.swift in Sources */,
				3BEEE302273C53810056AF54 /* ProjectMFBRemasteredApp.swift in Sources */,
				3B9C492527CC42E0008EEB30 /* BillCompleteView.swift in Sources */,
				3BD581AA274C56C600089113 /* BillController.swift in Sources */,
				3B20300C273EEFB90016B537 /* PresentationExtensions.swift in Sources */,
				3BEEE324273C5A000056AF54 /* EncryptExtension.swift in Sources */,
				3BD581822746A36D00089113 /* SearchBar.swift in Sources */,
				3B4FBB1E2750776000EA538A /* CurrencyPickerView.swift in Sources */,
				3B4FBB0F274EF00800EA538A /* SortingExtension.swift in Sources */,
				3BC78FD72756B14B00F5844F /* PaymentViewCell.swift in Sources */,
				3B20ED3C274384E700B96DB6 /* HideKeyboardExtension.swift in Sources */,
				3B787A832778D7E300E1383D /* ReportController.swift in Sources */,
				3B203000273ED5DD0016B537 /* ModelController.swift in Sources */,
				3B787A94277D234900E1383D /* WelcomeView.swift in Sources */,
				3B4FBB2C2750BB5F00EA538A /* SubmitButtonView.swift in Sources */,
				3B20ED4227442C4800B96DB6 /* PaymentMethodManagementView.swift in Sources */,
				3BEEE31E273C581B0056AF54 /* LoginView.swift in Sources */,
				3BEEE30E273C53840056AF54 /* ProjectMFBRemastered.xcdatamodeld in Sources */,
			);
			runOnlyForDeploymentPostprocessing = 0;
		};
/* End PBXSourcesBuildPhase section */

/* Begin XCBuildConfiguration section */
		3BEEE30F273C53840056AF54 /* Debug */ = {
			isa = XCBuildConfiguration;
			buildSettings = {
				ALWAYS_SEARCH_USER_PATHS = NO;
				CLANG_ANALYZER_NONNULL = YES;
				CLANG_ANALYZER_NUMBER_OBJECT_CONVERSION = YES_AGGRESSIVE;
				CLANG_CXX_LANGUAGE_STANDARD = "gnu++17";
				CLANG_CXX_LIBRARY = "libc++";
				CLANG_ENABLE_MODULES = YES;
				CLANG_ENABLE_OBJC_ARC = YES;
				CLANG_ENABLE_OBJC_WEAK = YES;
				CLANG_WARN_BLOCK_CAPTURE_AUTORELEASING = YES;
				CLANG_WARN_BOOL_CONVERSION = YES;
				CLANG_WARN_COMMA = YES;
				CLANG_WARN_CONSTANT_CONVERSION = YES;
				CLANG_WARN_DEPRECATED_OBJC_IMPLEMENTATIONS = YES;
				CLANG_WARN_DIRECT_OBJC_ISA_USAGE = YES_ERROR;
				CLANG_WARN_DOCUMENTATION_COMMENTS = YES;
				CLANG_WARN_EMPTY_BODY = YES;
				CLANG_WARN_ENUM_CONVERSION = YES;
				CLANG_WARN_INFINITE_RECURSION = YES;
				CLANG_WARN_INT_CONVERSION = YES;
				CLANG_WARN_NON_LITERAL_NULL_CONVERSION = YES;
				CLANG_WARN_OBJC_IMPLICIT_RETAIN_SELF = YES;
				CLANG_WARN_OBJC_LITERAL_CONVERSION = YES;
				CLANG_WARN_OBJC_ROOT_CLASS = YES_ERROR;
				CLANG_WARN_QUOTED_INCLUDE_IN_FRAMEWORK_HEADER = YES;
				CLANG_WARN_RANGE_LOOP_ANALYSIS = YES;
				CLANG_WARN_STRICT_PROTOTYPES = YES;
				CLANG_WARN_SUSPICIOUS_MOVE = YES;
				CLANG_WARN_UNGUARDED_AVAILABILITY = YES_AGGRESSIVE;
				CLANG_WARN_UNREACHABLE_CODE = YES;
				CLANG_WARN__DUPLICATE_METHOD_MATCH = YES;
				COPY_PHASE_STRIP = NO;
				DEBUG_INFORMATION_FORMAT = dwarf;
				ENABLE_STRICT_OBJC_MSGSEND = YES;
				ENABLE_TESTABILITY = YES;
				GCC_C_LANGUAGE_STANDARD = gnu11;
				GCC_DYNAMIC_NO_PIC = NO;
				GCC_NO_COMMON_BLOCKS = YES;
				GCC_OPTIMIZATION_LEVEL = 0;
				GCC_PREPROCESSOR_DEFINITIONS = (
					"DEBUG=1",
					"$(inherited)",
				);
				GCC_WARN_64_TO_32_BIT_CONVERSION = YES;
				GCC_WARN_ABOUT_RETURN_TYPE = YES_ERROR;
				GCC_WARN_UNDECLARED_SELECTOR = YES;
				GCC_WARN_UNINITIALIZED_AUTOS = YES_AGGRESSIVE;
				GCC_WARN_UNUSED_FUNCTION = YES;
				GCC_WARN_UNUSED_VARIABLE = YES;
				IPHONEOS_DEPLOYMENT_TARGET = 15.0;
				MTL_ENABLE_DEBUG_INFO = INCLUDE_SOURCE;
				MTL_FAST_MATH = YES;
				ONLY_ACTIVE_ARCH = YES;
				SDKROOT = iphoneos;
				SWIFT_ACTIVE_COMPILATION_CONDITIONS = DEBUG;
				SWIFT_OPTIMIZATION_LEVEL = "-Onone";
			};
			name = Debug;
		};
		3BEEE310273C53840056AF54 /* Release */ = {
			isa = XCBuildConfiguration;
			buildSettings = {
				ALWAYS_SEARCH_USER_PATHS = NO;
				CLANG_ANALYZER_NONNULL = YES;
				CLANG_ANALYZER_NUMBER_OBJECT_CONVERSION = YES_AGGRESSIVE;
				CLANG_CXX_LANGUAGE_STANDARD = "gnu++17";
				CLANG_CXX_LIBRARY = "libc++";
				CLANG_ENABLE_MODULES = YES;
				CLANG_ENABLE_OBJC_ARC = YES;
				CLANG_ENABLE_OBJC_WEAK = YES;
				CLANG_WARN_BLOCK_CAPTURE_AUTORELEASING = YES;
				CLANG_WARN_BOOL_CONVERSION = YES;
				CLANG_WARN_COMMA = YES;
				CLANG_WARN_CONSTANT_CONVERSION = YES;
				CLANG_WARN_DEPRECATED_OBJC_IMPLEMENTATIONS = YES;
				CLANG_WARN_DIRECT_OBJC_ISA_USAGE = YES_ERROR;
				CLANG_WARN_DOCUMENTATION_COMMENTS = YES;
				CLANG_WARN_EMPTY_BODY = YES;
				CLANG_WARN_ENUM_CONVERSION = YES;
				CLANG_WARN_INFINITE_RECURSION = YES;
				CLANG_WARN_INT_CONVERSION = YES;
				CLANG_WARN_NON_LITERAL_NULL_CONVERSION = YES;
				CLANG_WARN_OBJC_IMPLICIT_RETAIN_SELF = YES;
				CLANG_WARN_OBJC_LITERAL_CONVERSION = YES;
				CLANG_WARN_OBJC_ROOT_CLASS = YES_ERROR;
				CLANG_WARN_QUOTED_INCLUDE_IN_FRAMEWORK_HEADER = YES;
				CLANG_WARN_RANGE_LOOP_ANALYSIS = YES;
				CLANG_WARN_STRICT_PROTOTYPES = YES;
				CLANG_WARN_SUSPICIOUS_MOVE = YES;
				CLANG_WARN_UNGUARDED_AVAILABILITY = YES_AGGRESSIVE;
				CLANG_WARN_UNREACHABLE_CODE = YES;
				CLANG_WARN__DUPLICATE_METHOD_MATCH = YES;
				COPY_PHASE_STRIP = NO;
				DEBUG_INFORMATION_FORMAT = "dwarf-with-dsym";
				ENABLE_NS_ASSERTIONS = NO;
				ENABLE_STRICT_OBJC_MSGSEND = YES;
				GCC_C_LANGUAGE_STANDARD = gnu11;
				GCC_NO_COMMON_BLOCKS = YES;
				GCC_WARN_64_TO_32_BIT_CONVERSION = YES;
				GCC_WARN_ABOUT_RETURN_TYPE = YES_ERROR;
				GCC_WARN_UNDECLARED_SELECTOR = YES;
				GCC_WARN_UNINITIALIZED_AUTOS = YES_AGGRESSIVE;
				GCC_WARN_UNUSED_FUNCTION = YES;
				GCC_WARN_UNUSED_VARIABLE = YES;
				IPHONEOS_DEPLOYMENT_TARGET = 15.0;
				MTL_ENABLE_DEBUG_INFO = NO;
				MTL_FAST_MATH = YES;
				SDKROOT = iphoneos;
				SWIFT_COMPILATION_MODE = wholemodule;
				SWIFT_OPTIMIZATION_LEVEL = "-O";
				VALIDATE_PRODUCT = YES;
			};
			name = Release;
		};
		3BEEE312273C53840056AF54 /* Debug */ = {
			isa = XCBuildConfiguration;
			buildSettings = {
				ASSETCATALOG_COMPILER_APPICON_NAME = AppIcon;
				ASSETCATALOG_COMPILER_GLOBAL_ACCENT_COLOR_NAME = AccentColor;
				CODE_SIGN_ENTITLEMENTS = ProjectMFBRemastered/ProjectMFBRemastered.entitlements;
				CODE_SIGN_STYLE = Automatic;
				CURRENT_PROJECT_VERSION = 13;
				DEVELOPMENT_ASSET_PATHS = "\"ProjectMFBRemastered/Preview Content\"";
				DEVELOPMENT_TEAM = 7Y2V53HBZ8;
				ENABLE_PREVIEWS = YES;
				GENERATE_INFOPLIST_FILE = YES;
				INFOPLIST_KEY_UIApplicationSceneManifest_Generation = YES;
				INFOPLIST_KEY_UIApplicationSupportsIndirectInputEvents = YES;
				INFOPLIST_KEY_UILaunchScreen_Generation = YES;
				INFOPLIST_KEY_UISupportedInterfaceOrientations_iPad = "UIInterfaceOrientationPortrait UIInterfaceOrientationPortraitUpsideDown UIInterfaceOrientationLandscapeLeft UIInterfaceOrientationLandscapeRight";
				INFOPLIST_KEY_UISupportedInterfaceOrientations_iPhone = "UIInterfaceOrientationPortrait UIInterfaceOrientationLandscapeLeft UIInterfaceOrientationLandscapeRight";
				LD_RUNPATH_SEARCH_PATHS = (
					"$(inherited)",
					"@executable_path/Frameworks",
				);
				MARKETING_VERSION = 1.1;
				PRODUCT_BUNDLE_IDENTIFIER = ca.yiyao.ProjectMFBRemastered;
				PRODUCT_NAME = "MFB Cashier";
				SWIFT_EMIT_LOC_STRINGS = YES;
				SWIFT_VERSION = 5.0;
				TARGETED_DEVICE_FAMILY = "1,2";
			};
			name = Debug;
		};
		3BEEE313273C53840056AF54 /* Release */ = {
			isa = XCBuildConfiguration;
			buildSettings = {
				ASSETCATALOG_COMPILER_APPICON_NAME = AppIcon;
				ASSETCATALOG_COMPILER_GLOBAL_ACCENT_COLOR_NAME = AccentColor;
				CODE_SIGN_ENTITLEMENTS = ProjectMFBRemastered/ProjectMFBRemastered.entitlements;
				CODE_SIGN_STYLE = Automatic;
				CURRENT_PROJECT_VERSION = 13;
				DEVELOPMENT_ASSET_PATHS = "\"ProjectMFBRemastered/Preview Content\"";
				DEVELOPMENT_TEAM = 7Y2V53HBZ8;
				ENABLE_PREVIEWS = YES;
				GENERATE_INFOPLIST_FILE = YES;
				INFOPLIST_KEY_UIApplicationSceneManifest_Generation = YES;
				INFOPLIST_KEY_UIApplicationSupportsIndirectInputEvents = YES;
				INFOPLIST_KEY_UILaunchScreen_Generation = YES;
				INFOPLIST_KEY_UISupportedInterfaceOrientations_iPad = "UIInterfaceOrientationPortrait UIInterfaceOrientationPortraitUpsideDown UIInterfaceOrientationLandscapeLeft UIInterfaceOrientationLandscapeRight";
				INFOPLIST_KEY_UISupportedInterfaceOrientations_iPhone = "UIInterfaceOrientationPortrait UIInterfaceOrientationLandscapeLeft UIInterfaceOrientationLandscapeRight";
				LD_RUNPATH_SEARCH_PATHS = (
					"$(inherited)",
					"@executable_path/Frameworks",
				);
				MARKETING_VERSION = 1.1;
				PRODUCT_BUNDLE_IDENTIFIER = ca.yiyao.ProjectMFBRemastered;
				PRODUCT_NAME = "MFB Cashier";
				SWIFT_EMIT_LOC_STRINGS = YES;
				SWIFT_VERSION = 5.0;
				TARGETED_DEVICE_FAMILY = "1,2";
			};
			name = Release;
		};
/* End XCBuildConfiguration section */

/* Begin XCConfigurationList section */
		3BEEE2F9273C53810056AF54 /* Build configuration list for PBXProject "ProjectMFBRemastered" */ = {
			isa = XCConfigurationList;
			buildConfigurations = (
				3BEEE30F273C53840056AF54 /* Debug */,
				3BEEE310273C53840056AF54 /* Release */,
			);
			defaultConfigurationIsVisible = 0;
			defaultConfigurationName = Release;
		};
		3BEEE311273C53840056AF54 /* Build configuration list for PBXNativeTarget "ProjectMFBRemastered" */ = {
			isa = XCConfigurationList;
			buildConfigurations = (
				3BEEE312273C53840056AF54 /* Debug */,
				3BEEE313273C53840056AF54 /* Release */,
			);
			defaultConfigurationIsVisible = 0;
			defaultConfigurationName = Release;
		};
/* End XCConfigurationList section */

/* Begin XCVersionGroup section */
		3BEEE30C273C53840056AF54 /* ProjectMFBRemastered.xcdatamodeld */ = {
			isa = XCVersionGroup;
			children = (
				3BEEE30D273C53840056AF54 /* ProjectMFBRemastered.xcdatamodel */,
			);
			currentVersion = 3BEEE30D273C53840056AF54 /* ProjectMFBRemastered.xcdatamodel */;
			path = ProjectMFBRemastered.xcdatamodeld;
			sourceTree = "<group>";
			versionGroupType = wrapper.xcdatamodel;
		};
/* End XCVersionGroup section */
	};
	rootObject = 3BEEE2F6273C53810056AF54 /* Project object */;
}
